{
  "name": "openride-shared",
  "version": "0.1.8",
  "lockfileVersion": 1,
  "requires": true,
  "dependencies": {
    "@types/bson": {
      "version": "1.0.11",
      "resolved": "https://registry.npmjs.org/@types/bson/-/bson-1.0.11.tgz",
      "integrity": "sha512-j+UcCWI+FsbI5/FQP/Kj2CXyplWAz39ktHFkXk84h7dNblKRSoNJs95PZFRd96NQGqsPEPgeclqnznWZr14ZDA==",
      "dev": true,
      "requires": {
        "@types/node": "*"
      }
    },
    "@types/bunyan": {
      "version": "1.8.5",
      "resolved": "https://registry.npmjs.org/@types/bunyan/-/bunyan-1.8.5.tgz",
      "integrity": "sha512-7n8ANtxh2c5A/NfCuv8cVtWcgSLdq76MQbtmbInpzXuPw4TSAReUJ+MGHK4m67I4zI3ynCJoABfaeHYJaYSeRg==",
      "dev": true,
      "requires": {
        "@types/node": "*"
      }
    },
    "@types/chai": {
      "version": "4.1.6",
      "resolved": "https://registry.npmjs.org/@types/chai/-/chai-4.1.6.tgz",
      "integrity": "sha512-CBk7KTZt3FhPsEkYioG6kuCIpWISw+YI8o+3op4+NXwTpvAPxE1ES8+PY8zfaK2L98b1z5oq03UHa4VYpeUxnw==",
      "dev": true
    },
    "@types/geojson": {
      "version": "7946.0.4",
      "resolved": "https://registry.npmjs.org/@types/geojson/-/geojson-7946.0.4.tgz",
      "integrity": "sha512-MHmwBtCb7OCv1DSivz2UNJXPGU/1btAWRKlqJ2saEhVJkpkvqHMMaOpKg0v4sAbDWSQekHGvPVMM8nQ+Jen03Q==",
      "dev": true
    },
    "@types/mongodb": {
      "version": "3.1.13",
      "resolved": "https://registry.npmjs.org/@types/mongodb/-/mongodb-3.1.13.tgz",
      "integrity": "sha512-WK0mvZRnjmHq6fc/INrU1xt5N4jx/A4PFBAyf5u1b8deJnHUWD/XWnbvzwqmJ69H4EyVBE0kQA7+yI4CkWFvkw==",
      "dev": true,
      "requires": {
        "@types/bson": "*",
        "@types/node": "*"
      }
    },
    "@types/node": {
      "version": "10.12.0",
      "resolved": "https://registry.npmjs.org/@types/node/-/node-10.12.0.tgz",
      "integrity": "sha512-3TUHC3jsBAB7qVRGxT6lWyYo2v96BMmD2PTcl47H25Lu7UXtFH/2qqmKiVrnel6Ne//0TFYf6uvNX+HW2FRkLQ=="
    },
    "@types/redis": {
      "version": "2.8.7",
      "resolved": "https://registry.npmjs.org/@types/redis/-/redis-2.8.7.tgz",
      "integrity": "sha512-ZMW8M5LRxU0D4u2GhnCEqJ1/mUJKSudlCWxeP1FRxfZQqr0Pb4tonPLzDEyRpC50uvEfAP3xOLjDuUOWi0QHCQ==",
      "requires": {
        "@types/node": "*"
      }
    },
    "@types/restify": {
      "version": "7.2.5",
      "resolved": "https://registry.npmjs.org/@types/restify/-/restify-7.2.5.tgz",
      "integrity": "sha512-e6CnWoLtrmbI4V6NXyRz30tcY7r9KpHfHu7ayvhnRBeNU0R3du2nNBnVFuWwmOf5RCmm68Ejjym0HPxabJFGKQ==",
      "dev": true,
      "requires": {
        "@types/bunyan": "*",
        "@types/node": "*",
        "@types/spdy": "*"
      }
    },
    "@types/spdy": {
      "version": "3.4.4",
      "resolved": "https://registry.npmjs.org/@types/spdy/-/spdy-3.4.4.tgz",
      "integrity": "sha512-N9LBlbVRRYq6HgYpPkqQc3a9HJ/iEtVZToW6xlTtJiMhmRJ7jJdV7TaZQJw/Ve/1ePUsQiCTDc4JMuzzag94GA==",
      "dev": true,
      "requires": {
        "@types/node": "*"
      }
    },
    "bson": {
      "version": "1.1.0",
      "resolved": "https://registry.npmjs.org/bson/-/bson-1.1.0.tgz",
      "integrity": "sha512-9Aeai9TacfNtWXOYarkFJRW2CWo+dRon+fuLZYJmvLV3+MiUp0bEI6IAZfXEIg7/Pl/7IWlLaDnhzTsD81etQA=="
    },
    "double-ended-queue": {
      "version": "2.1.0-0",
      "resolved": "https://registry.npmjs.org/double-ended-queue/-/double-ended-queue-2.1.0-0.tgz",
      "integrity": "sha1-ED01J/0xUo9AGIEwyEHv3XgmTlw=",
      "dev": true
    },
    "es6-promise": {
      "version": "4.2.5",
      "resolved": "https://registry.npmjs.org/es6-promise/-/es6-promise-4.2.5.tgz",
      "integrity": "sha512-n6wvpdE43VFtJq+lUDYDBFUwV8TZbuGXLV4D6wKafg13ldznKsyEvatubnmUe31zcvelSzOHF+XbaT+Bl9ObDg=="
    },
    "geojson": {
      "version": "0.5.0",
      "resolved": "https://registry.npmjs.org/geojson/-/geojson-0.5.0.tgz",
      "integrity": "sha1-PNbJY5m+ZbVu5VWWEW/pGRznAcA="
    },
    "memory-pager": {
      "version": "1.1.0",
      "resolved": "https://registry.npmjs.org/memory-pager/-/memory-pager-1.1.0.tgz",
      "integrity": "sha512-Mf9OHV/Y7h6YWDxTzX/b4ZZ4oh9NSXblQL8dtPCOomOtZciEHxePR78+uHFLLlsk01A6jVHhHsQZZ/WcIPpnzg==",
      "optional": true
    },
    "moment": {
      "version": "2.22.2",
      "resolved": "https://registry.npmjs.org/moment/-/moment-2.22.2.tgz",
      "integrity": "sha1-PCV/mDn8DpP/UxSWMiOeuQeD/2Y="
    },
    "mongo": {
      "version": "0.1.0",
      "resolved": "https://registry.npmjs.org/mongo/-/mongo-0.1.0.tgz",
      "integrity": "sha1-yK8PjfmNSJS3crNzQph8O+zzcYw=",
      "requires": {
        "mongodb": "*"
      }
    },
    "mongodb": {
      "version": "3.1.8",
      "resolved": "https://registry.npmjs.org/mongodb/-/mongodb-3.1.8.tgz",
      "integrity": "sha512-yNKwYxQ6m00NV6+pMoWoheFTHSQVv1KkSrfOhRDYMILGWDYtUtQRqHrFqU75rmPIY8hMozVft8zdC4KYMWaM3Q==",
      "requires": {
        "mongodb-core": "3.1.7",
        "safe-buffer": "^5.1.2"
      }
    },
    "mongodb-core": {
      "version": "3.1.7",
      "resolved": "https://registry.npmjs.org/mongodb-core/-/mongodb-core-3.1.7.tgz",
      "integrity": "sha512-YffpSrLmgFNmrvkGx+yX00KyBNk64C0BalfEn6vHHkXtcMUGXw8nxrMmhq5eXPLLlYeBpD/CsgNxE2Chf0o4zQ==",
      "requires": {
        "bson": "^1.1.0",
        "require_optional": "^1.0.1",
        "safe-buffer": "^5.1.2",
        "saslprep": "^1.0.0"
      }
    },
    "redis": {
      "version": "2.8.0",
      "resolved": "https://registry.npmjs.org/redis/-/redis-2.8.0.tgz",
      "integrity": "sha512-M1OkonEQwtRmZv4tEWF2VgpG0JWJ8Fv1PhlgT5+B+uNq2cA3Rt1Yt/ryoR+vQNOQcIEgdCdfH0jr3bDpihAw1A==",
      "dev": true,
      "requires": {
        "double-ended-queue": "^2.1.0-0",
        "redis-commands": "^1.2.0",
        "redis-parser": "^2.6.0"
      }
    },
    "redis-commands": {
      "version": "1.4.0",
      "resolved": "https://registry.npmjs.org/redis-commands/-/redis-commands-1.4.0.tgz",
      "integrity": "sha512-cu8EF+MtkwI4DLIT0x9P8qNTLFhQD4jLfxLR0cCNkeGzs87FN6879JOJwNQR/1zD7aSYNbU0hgsV9zGY71Itvw==",
      "dev": true
    },
    "redis-parser": {
      "version": "2.6.0",
      "resolved": "https://registry.npmjs.org/redis-parser/-/redis-parser-2.6.0.tgz",
      "integrity": "sha1-Uu0J2srBCPGmMcB+m2mUHnoZUEs=",
      "dev": true
    },
    "require_optional": {
      "version": "1.0.1",
      "resolved": "https://registry.npmjs.org/require_optional/-/require_optional-1.0.1.tgz",
      "integrity": "sha512-qhM/y57enGWHAe3v/NcwML6a3/vfESLe/sGM2dII+gEO0BpKRUkWZow/tyloNqJyN6kXSl3RyyM8Ll5D/sJP8g==",
      "requires": {
        "resolve-from": "^2.0.0",
        "semver": "^5.1.0"
      }
    },
    "resolve-from": {
      "version": "2.0.0",
      "resolved": "https://registry.npmjs.org/resolve-from/-/resolve-from-2.0.0.tgz",
      "integrity": "sha1-lICrIOlP+h2egKgEx+oUdhGWa1c="
    },
    "safe-buffer": {
      "version": "5.1.2",
      "resolved": "https://registry.npmjs.org/safe-buffer/-/safe-buffer-5.1.2.tgz",
      "integrity": "sha512-Gd2UZBJDkXlY7GbJxfsE8/nvKkUEU1G38c1siN6QP6a9PT9MmHB8GnpscSmMJSoF8LOIrt8ud/wPtojys4G6+g=="
    },
    "saslprep": {
      "version": "1.0.2",
      "resolved": "https://registry.npmjs.org/saslprep/-/saslprep-1.0.2.tgz",
      "integrity": "sha512-4cDsYuAjXssUSjxHKRe4DTZC0agDwsCqcMqtJAQPzC74nJ7LfAJflAtC1Zed5hMzEQKj82d3tuzqdGNRsLJ4Gw==",
      "optional": true,
      "requires": {
        "sparse-bitfield": "^3.0.3"
      }
    },
    "semver": {
      "version": "5.6.0",
      "resolved": "https://registry.npmjs.org/semver/-/semver-5.6.0.tgz",
      "integrity": "sha512-RS9R6R35NYgQn++fkDWaOmqGoj4Ek9gGs+DPxNUZKuwE183xjJroKvyo1IzVFeXvUrvmALy6FWD5xrdJT25gMg=="
    },
    "sparse-bitfield": {
      "version": "3.0.3",
      "resolved": "https://registry.npmjs.org/sparse-bitfield/-/sparse-bitfield-3.0.3.tgz",
      "integrity": "sha1-/0rm5oZWBWuks+eSqzM004JzyhE=",
      "optional": true,
      "requires": {
        "memory-pager": "^1.0.2"
      }
    },
    "typescript": {
      "version": "3.1.3",
      "resolved": "https://registry.npmjs.org/typescript/-/typescript-3.1.3.tgz",
      "integrity": "sha512-+81MUSyX+BaSo+u2RbozuQk/UWx6hfG0a5gHu4ANEM4sU96XbuIyAB+rWBW1u70c6a5QuZfuYICn3s2UjuHUpA=="
    }
  }
}
